
Microsoft Visual Studio Solution File, Format Version 12.00
Project("{FAE04EC0-301F-11D3-BF4B-00C04F79EFBC}") = "FileUpload", "FileUpload\FileUpload.csproj", "{C5C01A3A-5711-4FA2-AFA7-1FCBB27EBBBB}"
EndProject
Global
	GlobalSection(SolutionConfigurationPlatforms) = preSolution
		Debug|Any CPU = Debug|Any CPU
		Release|Any CPU = Release|Any CPU
	EndGlobalSection
	GlobalSection(ProjectConfigurationPlatforms) = postSolution
		{C5C01A3A-5711-4FA2-AFA7-1FCBB27EBBBB}.Debug|Any CPU.ActiveCfg = Debug|Any CPU
		{C5C01A3A-5711-4FA2-AFA7-1FCBB27EBBBB}.Debug|Any CPU.Build.0 = Debug|Any CPU
		{C5C01A3A-5711-4FA2-AFA7-1FCBB27EBBBB}.Release|Any CPU.ActiveCfg = Release|Any CPU
		{C5C01A3A-5711-4FA2-AFA7-1FCBB27EBBBB}.Release|Any CPU.Build.0 = Release|Any CPU
	EndGlobalSection
EndGlobal
